<?xml version="1.0" encoding="UTF-8" standalone="yes" ?>
<CodeBlocks_project_file>
	<FileVersion major="1" minor="6" />
	<Project>
		<Option title="FabiGUI_GTK" />
		<Option pch_mode="2" />
		<Option compiler="gcc" />
		<Build>
			<Target title="Debug">
				<Option output="bin/Debug/FabiGUI_GTK" prefix_auto="1" extension_auto="1" />
				<Option object_output="obj/Debug/" />
				<Option type="1" />
				<Option compiler="gcc" />
				<Compiler>
					<Add option="-g" />
				</Compiler>
			</Target>
			<Target title="Release">
				<Option output="bin/Release/FabiGUI_GTK" prefix_auto="1" extension_auto="1" />
				<Option object_output="obj/Release/" />
				<Option type="0" />
				<Option compiler="gcc" />
				<Compiler>
					<Add option="-O2" />
				</Compiler>
				<Linker>
					<Add option="-s" />
				</Linker>
			</Target>
		</Build>
		<Compiler>
			<Add option="-Wall" />
			<Add option="`pkg-config gtk+-2.0 --cflags`" />
			<Add option="`pkg-config gtk+-3.0 --cflags`" />
			<Add option="-mms-bitfields -IC:/GTK/include/gtk-3.0 -IC:/GTK/include/cairo -IC:/GTK/include/pango-1.0 -IC:/GTK/include/atk-1.0 -IC:/GTK/include/cairo -IC:/GTK/include/pixman-1 -IC:/GTK/include -IC:/GTK/include/freetype2 -IC:/GTK/include -IC:/GTK/include/libpng15 -IC:/GTK/include/gdk-pixbuf-2.0 -IC:/GTK/include/libpng15 -IC:/GTK/include/glib-2.0 -IC:/GTK/lib/glib-2.0/include" />
		</Compiler>
		<Linker>
			<Add option="`pkg-config gtk+-2.0 --libs`" />
			<Add option="`pkg-config gtk+-3.0 --libs`" />
			<Add option="-LC:/GTK/lib -lgtk-3 -lgdk-3 -lgdi32 -limm32 -lshell32 -lole32 -Wl,-luuid -lpangocairo-1.0 -lpangoft2-1.0 -lfreetype -lfontconfig -lpangowin32-1.0 -lgdi32 -lpango-1.0 -lm -latk-1.0 -lcairo-gobject -lcairo -lgdk_pixbuf-2.0 -lgio-2.0 -lgobject-2.0 -lglib-2.0 -lintl" />
		</Linker>
		<Unit filename="main.c">
			<Option compilerVar="CC" />
		</Unit>
		<Extensions>
			<code_completion />
			<envvars />
			<lib_finder disable_auto="1" />
			<debugger />
		</Extensions>
	</Project>
</CodeBlocks_project_file>
